
Microsoft Visual Studio Solution File, Format Version 12.00
# Visual Studio Version 17
VisualStudioVersion = 17.3.32819.101
MinimumVisualStudioVersion = 10.0.40219.1
Project("{FAE04EC0-301F-11D3-BF4B-00C04F79EFBC}") = "HelloWorld", "HelloWorld\HelloWorld.csproj", "{E6FBAD5D-B8B8-4772-9F3C-5EB66CC40B1A}"
EndProject
Global
	GlobalSection(SolutionConfigurationPlatforms) = preSolution
		Debug|Any CPU = Debug|Any CPU
		Release|Any CPU = Release|Any CPU
	EndGlobalSection
	GlobalSection(ProjectConfigurationPlatforms) = postSolution
		{E6FBAD5D-B8B8-4772-9F3C-5EB66CC40B1A}.Debug|Any CPU.ActiveCfg = Debug|Any CPU
		{E6FBAD5D-B8B8-4772-9F3C-5EB66CC40B1A}.Debug|Any CPU.Build.0 = Debug|Any CPU
		{E6FBAD5D-B8B8-4772-9F3C-5EB66CC40B1A}.Release|Any CPU.ActiveCfg = Release|Any CPU
		{E6FBAD5D-B8B8-4772-9F3C-5EB66CC40B1A}.Release|Any CPU.Build.0 = Release|Any CPU
	EndGlobalSection
	GlobalSection(SolutionProperties) = preSolution
		HideSolutionNode = FALSE
	EndGlobalSection
	GlobalSection(ExtensibilityGlobals) = postSolution
		SolutionGuid = {00DB9B0D-3D40-4F53-96D8-7B6EB20F147C}
	EndGlobalSection
EndGlobal
